{
    "version": 3,
    "terraform_version": "0.11.7",
    "serial": 69,
    "lineage": "4faa3ca5-0435-0fd6-0736-a8e3211198f1",
    "modules": [
        {
            "path": [
                "root"
            ],
            "outputs": {
                "buckets": {
                    "sensitive": false,
                    "type": "list",
                    "value": [
                        {
                            "access_type": "",
                            "compartment_id": "ocid1.compartment.oc1..aaaaaaaa5o54qqsbe3uoisugxhjjti4ptpkrep2pmtp7vegpjycx7etjd2wq",
                            "created_by": "ocid1.user.oc1..aaaaaaaahe2pn2w24rrwolclwn5gqej3nb5eg5hcnahr2tsq5dn5wlbj5t5a",
                            "defined_tags": {},
                            "etag": "9b3f12c2-377d-4dd1-961b-df05c5563fc3",
                            "freeform_tags": {},
                            "metadata": {},
                            "name": "tf-example-bucket",
                            "namespace": "gse00014917",
                            "storage_tier": "",
                            "time_created": "2018-09-21 18:45:55.649 +0000 UTC"
                        }
                    ]
                }
            },
            "resources": {
                "data.oci_core_images.OLImageOCID-ol7": {
                    "type": "oci_core_images",
                    "depends_on": [],
                    "primary": {
                        "id": "2018-09-21 18:48:46.390419 +0000 UTC",
                        "attributes": {
                            "compartment_id": "ocid1.compartment.oc1..aaaaaaaa5o54qqsbe3uoisugxhjjti4ptpkrep2pmtp7vegpjycx7etjd2wq",
                            "id": "2018-09-21 18:48:46.390419 +0000 UTC",
                            "images.#": "6",
                            "images.0.base_image_id": "",
                            "images.0.compartment_id": "",
                            "images.0.create_image_allowed": "true",
                            "images.0.defined_tags.%": "0",
                            "images.0.display_name": "Oracle-Linux-7.5-Gen2-GPU-2018.08.14-0",
                            "images.0.freeform_tags.%": "0",
                            "images.0.id": "ocid1.image.oc1.iad.aaaaaaaapq5wdwd7y2c57iqi3vduixk7oxwduni5cbtjmeskocg5thrlqo5a",
                            "images.0.image_source_details.#": "0",
                            "images.0.instance_id": "",
                            "images.0.launch_mode": "NATIVE",
                            "images.0.launch_options.#": "1",
                            "images.0.launch_options.0.boot_volume_type": "ISCSI",
                            "images.0.launch_options.0.firmware": "UEFI_64",
                            "images.0.launch_options.0.network_type": "VFIO",
                            "images.0.launch_options.0.remote_data_volume_type": "PARAVIRTUALIZED",
                            "images.0.operating_system": "Oracle Linux",
                            "images.0.operating_system_version": "7.5",
                            "images.0.size_in_mbs": "47694",
                            "images.0.state": "AVAILABLE",
                            "images.0.time_created": "2018-08-15 14:09:40.098 +0000 UTC",
                            "images.1.base_image_id": "",
                            "images.1.compartment_id": "",
                            "images.1.create_image_allowed": "true",
                            "images.1.defined_tags.%": "0",
                            "images.1.display_name": "Oracle-Linux-7.5-Gen2-GPU-2018.07.20-0",
                            "images.1.freeform_tags.%": "0",
                            "images.1.id": "ocid1.image.oc1.iad.aaaaaaaa2ho75mkdn7abf6ps24p6ohzzox5yrn6wm2je7d66n5wazblqqbmq",
                            "images.1.image_source_details.#": "0",
                            "images.1.instance_id": "",
                            "images.1.launch_mode": "NATIVE",
                            "images.1.launch_options.#": "1",
                            "images.1.launch_options.0.boot_volume_type": "ISCSI",
                            "images.1.launch_options.0.firmware": "UEFI_64",
                            "images.1.launch_options.0.network_type": "VFIO",
                            "images.1.launch_options.0.remote_data_volume_type": "PARAVIRTUALIZED",
                            "images.1.operating_system": "Oracle Linux",
                            "images.1.operating_system_version": "7.5",
                            "images.1.size_in_mbs": "47694",
                            "images.1.state": "AVAILABLE",
                            "images.1.time_created": "2018-07-23 16:02:29.695 +0000 UTC",
                            "images.2.base_image_id": "",
                            "images.2.compartment_id": "",
                            "images.2.create_image_allowed": "true",
                            "images.2.defined_tags.%": "0",
                            "images.2.display_name": "Oracle-Linux-7.5-Gen2-GPU-2018.06.14-0",
                            "images.2.freeform_tags.%": "0",
                            "images.2.id": "ocid1.image.oc1.iad.aaaaaaaarouq2l6ioibd3xaovw5pxqqeurvshsexgxejv7omo7szabqeixxq",
                            "images.2.image_source_details.#": "0",
                            "images.2.instance_id": "",
                            "images.2.launch_mode": "NATIVE",
                            "images.2.launch_options.#": "1",
                            "images.2.launch_options.0.boot_volume_type": "ISCSI",
                            "images.2.launch_options.0.firmware": "UEFI_64",
                            "images.2.launch_options.0.network_type": "VFIO",
                            "images.2.launch_options.0.remote_data_volume_type": "PARAVIRTUALIZED",
                            "images.2.operating_system": "Oracle Linux",
                            "images.2.operating_system_version": "7.5",
                            "images.2.size_in_mbs": "47694",
                            "images.2.state": "AVAILABLE",
                            "images.2.time_created": "2018-06-18 16:01:38.471 +0000 UTC",
                            "images.3.base_image_id": "",
                            "images.3.compartment_id": "",
                            "images.3.create_image_allowed": "true",
                            "images.3.defined_tags.%": "0",
                            "images.3.display_name": "Oracle-Linux-7.5-2018.08.14-0",
                            "images.3.freeform_tags.%": "0",
                            "images.3.id": "ocid1.image.oc1.iad.aaaaaaaa2tq67tvbeavcmioghquci6p3pvqwbneq3vfy7fe7m7geiga4cnxa",
                            "images.3.image_source_details.#": "0",
                            "images.3.instance_id": "",
                            "images.3.launch_mode": "NATIVE",
                            "images.3.launch_options.#": "1",
                            "images.3.launch_options.0.boot_volume_type": "ISCSI",
                            "images.3.launch_options.0.firmware": "UEFI_64",
                            "images.3.launch_options.0.network_type": "VFIO",
                            "images.3.launch_options.0.remote_data_volume_type": "PARAVIRTUALIZED",
                            "images.3.operating_system": "Oracle Linux",
                            "images.3.operating_system_version": "7.5",
                            "images.3.size_in_mbs": "47694",
                            "images.3.state": "AVAILABLE",
                            "images.3.time_created": "2018-08-14 06:29:24.414 +0000 UTC",
                            "images.4.base_image_id": "",
                            "images.4.compartment_id": "",
                            "images.4.create_image_allowed": "true",
                            "images.4.defined_tags.%": "0",
                            "images.4.display_name": "Oracle-Linux-7.5-2018.07.20-0",
                            "images.4.freeform_tags.%": "0",
                            "images.4.id": "ocid1.image.oc1.iad.aaaaaaaagqwnrno6c35vplndep6hu5gevyiqqag37muue3ich7g6tbs5aq4q",
                            "images.4.image_source_details.#": "0",
                            "images.4.instance_id": "",
                            "images.4.launch_mode": "NATIVE",
                            "images.4.launch_options.#": "1",
                            "images.4.launch_options.0.boot_volume_type": "ISCSI",
                            "images.4.launch_options.0.firmware": "UEFI_64",
                            "images.4.launch_options.0.network_type": "VFIO",
                            "images.4.launch_options.0.remote_data_volume_type": "PARAVIRTUALIZED",
                            "images.4.operating_system": "Oracle Linux",
                            "images.4.operating_system_version": "7.5",
                            "images.4.size_in_mbs": "47694",
                            "images.4.state": "AVAILABLE",
                            "images.4.time_created": "2018-07-23 15:26:41.762 +0000 UTC",
                            "images.5.base_image_id": "",
                            "images.5.compartment_id": "",
                            "images.5.create_image_allowed": "true",
                            "images.5.defined_tags.%": "0",
                            "images.5.display_name": "Oracle-Linux-7.5-2018.06.14-0",
                            "images.5.freeform_tags.%": "0",
                            "images.5.id": "ocid1.image.oc1.iad.aaaaaaaazq7xlunevyn3cf4wppcx2j53eb26pnnc4ukqtfj4tbjjcklnhpaa",
                            "images.5.image_source_details.#": "0",
                            "images.5.instance_id": "",
                            "images.5.launch_mode": "NATIVE",
                            "images.5.launch_options.#": "1",
                            "images.5.launch_options.0.boot_volume_type": "ISCSI",
                            "images.5.launch_options.0.firmware": "UEFI_64",
                            "images.5.launch_options.0.network_type": "VFIO",
                            "images.5.launch_options.0.remote_data_volume_type": "PARAVIRTUALIZED",
                            "images.5.operating_system": "Oracle Linux",
                            "images.5.operating_system_version": "7.5",
                            "images.5.size_in_mbs": "47694",
                            "images.5.state": "AVAILABLE",
                            "images.5.time_created": "2018-06-18 14:38:33.93 +0000 UTC",
                            "operating_system": "Oracle Linux",
                            "operating_system_version": "7.5"
                        },
                        "meta": {},
                        "tainted": false
                    },
                    "deposed": [],
                    "provider": "provider.oci"
                },
                "data.oci_identity_availability_domains.ADs": {
                    "type": "oci_identity_availability_domains",
                    "depends_on": [],
                    "primary": {
                        "id": "2018-09-21 18:48:46.309309 +0000 UTC",
                        "attributes": {
                            "availability_domains.#": "3",
                            "availability_domains.0.compartment_id": "ocid1.tenancy.oc1..aaaaaaaa6wukccaafse2j2ptid4qlqjvvuyphk3gutfjfvl63tyxenkowuha",
                            "availability_domains.0.name": "zRxM:US-ASHBURN-AD-1",
                            "availability_domains.1.compartment_id": "ocid1.tenancy.oc1..aaaaaaaa6wukccaafse2j2ptid4qlqjvvuyphk3gutfjfvl63tyxenkowuha",
                            "availability_domains.1.name": "zRxM:US-ASHBURN-AD-2",
                            "availability_domains.2.compartment_id": "ocid1.tenancy.oc1..aaaaaaaa6wukccaafse2j2ptid4qlqjvvuyphk3gutfjfvl63tyxenkowuha",
                            "availability_domains.2.name": "zRxM:US-ASHBURN-AD-3",
                            "compartment_id": "ocid1.tenancy.oc1..aaaaaaaa6wukccaafse2j2ptid4qlqjvvuyphk3gutfjfvl63tyxenkowuha",
                            "id": "2018-09-21 18:48:46.309309 +0000 UTC"
                        },
                        "meta": {},
                        "tainted": false
                    },
                    "deposed": [],
                    "provider": "provider.oci"
                },
                "data.oci_objectstorage_bucket_summaries.buckets1": {
                    "type": "oci_objectstorage_bucket_summaries",
                    "depends_on": [
                        "oci_objectstorage_bucket.bucket1"
                    ],
                    "primary": {
                        "id": "2018-09-21 18:48:46.311928 +0000 UTC",
                        "attributes": {
                            "bucket_summaries.#": "1",
                            "bucket_summaries.0.access_type": "",
                            "bucket_summaries.0.compartment_id": "ocid1.compartment.oc1..aaaaaaaa5o54qqsbe3uoisugxhjjti4ptpkrep2pmtp7vegpjycx7etjd2wq",
                            "bucket_summaries.0.created_by": "ocid1.user.oc1..aaaaaaaahe2pn2w24rrwolclwn5gqej3nb5eg5hcnahr2tsq5dn5wlbj5t5a",
                            "bucket_summaries.0.defined_tags.%": "0",
                            "bucket_summaries.0.etag": "9b3f12c2-377d-4dd1-961b-df05c5563fc3",
                            "bucket_summaries.0.freeform_tags.%": "0",
                            "bucket_summaries.0.metadata.%": "0",
                            "bucket_summaries.0.name": "tf-example-bucket",
                            "bucket_summaries.0.namespace": "gse00014917",
                            "bucket_summaries.0.storage_tier": "",
                            "bucket_summaries.0.time_created": "2018-09-21 18:45:55.649 +0000 UTC",
                            "compartment_id": "ocid1.compartment.oc1..aaaaaaaa5o54qqsbe3uoisugxhjjti4ptpkrep2pmtp7vegpjycx7etjd2wq",
                            "filter.#": "1",
                            "filter.689933450.name": "name",
                            "filter.689933450.regex": "false",
                            "filter.689933450.values.#": "1",
                            "filter.689933450.values.0": "tf-example-bucket",
                            "id": "2018-09-21 18:48:46.311928 +0000 UTC",
                            "namespace": "gse00014917"
                        },
                        "meta": {},
                        "tainted": false
                    },
                    "deposed": [],
                    "provider": "provider.oci"
                },
                "oci_core_image.test_image": {
                    "type": "oci_core_image",
                    "depends_on": [
                        "oci_objectstorage_bucket.bucket1"
                    ],
                    "primary": {
                        "id": "ocid1.image.oc1.iad.aaaaaaaadpfa7w23th7ewtobcmc7xx3j4lx3btdcq7bfaqxqd4c47wdlj6zq",
                        "attributes": {
                            "compartment_id": "ocid1.compartment.oc1..aaaaaaaa5o54qqsbe3uoisugxhjjti4ptpkrep2pmtp7vegpjycx7etjd2wq",
                            "create_image_allowed": "true",
                            "defined_tags.%": "0",
                            "display_name": "image20180921184849",
                            "freeform_tags.%": "0",
                            "id": "ocid1.image.oc1.iad.aaaaaaaadpfa7w23th7ewtobcmc7xx3j4lx3btdcq7bfaqxqd4c47wdlj6zq",
                            "image_source_details.#": "1",
                            "image_source_details.0.bucket_name": "tf-example-bucket",
                            "image_source_details.0.namespace_name": "gse00014917",
                            "image_source_details.0.object_name": "LocalImage",
                            "image_source_details.0.source_image_type": "",
                            "image_source_details.0.source_type": "objectStorageTuple",
                            "image_source_details.0.source_uri": "",
                            "launch_mode": "NATIVE",
                            "launch_options.#": "1",
                            "launch_options.0.boot_volume_type": "ISCSI",
                            "launch_options.0.firmware": "UEFI_64",
                            "launch_options.0.network_type": "VFIO",
                            "launch_options.0.remote_data_volume_type": "PARAVIRTUALIZED",
                            "operating_system": "Custom",
                            "operating_system_version": "Custom",
                            "size_in_mbs": "47694",
                            "state": "AVAILABLE",
                            "time_created": "2018-09-21 18:48:49.269 +0000 UTC"
                        },
                        "meta": {
                            "e2bfb730-ecaa-11e6-8f88-34363bc7c4c0": {
                                "create": 7200000000000,
                                "delete": 7200000000000,
                                "update": 7200000000000
                            }
                        },
                        "tainted": false
                    },
                    "deposed": [],
                    "provider": "provider.oci"
                },
                "oci_core_instance.AppServer": {
                    "type": "oci_core_instance",
                    "depends_on": [
                        "data.oci_identity_availability_domains.ADs",
                        "oci_core_image.test_image",
                        "oci_core_subnet.public-subnet"
                    ],
                    "primary": {
                        "id": "ocid1.instance.oc1.iad.abuwcljs4mk7j4nqrmhrvkabyxt33aoit3goxqlacv2b7yagz6zucm4fgvqa",
                        "attributes": {
                            "availability_domain": "zRxM:US-ASHBURN-AD-1",
                            "boot_volume_id": "ocid1.bootvolume.oc1.iad.abuwcljsm5x64wepmze4kmqo4aypksduga7bs4mboa7qagt3klehkwdlhglq",
                            "compartment_id": "ocid1.compartment.oc1..aaaaaaaa5o54qqsbe3uoisugxhjjti4ptpkrep2pmtp7vegpjycx7etjd2wq",
                            "create_vnic_details.#": "1",
                            "create_vnic_details.0.assign_public_ip": "true",
                            "create_vnic_details.0.defined_tags.%": "0",
                            "create_vnic_details.0.display_name": "AppServer",
                            "create_vnic_details.0.freeform_tags.%": "0",
                            "create_vnic_details.0.hostname_label": "appserver",
                            "create_vnic_details.0.private_ip": "10.0.1.2",
                            "create_vnic_details.0.skip_source_dest_check": "false",
                            "create_vnic_details.0.subnet_id": "ocid1.subnet.oc1.iad.aaaaaaaa57keluubqlgnzgpbpxw2dibhl4vm66uzimnnlfvmas3vuo6kwgea",
                            "defined_tags.%": "0",
                            "display_name": "AppServer",
                            "fault_domain": "FAULT-DOMAIN-1",
                            "freeform_tags.%": "0",
                            "hostname_label": "appserver",
                            "id": "ocid1.instance.oc1.iad.abuwcljs4mk7j4nqrmhrvkabyxt33aoit3goxqlacv2b7yagz6zucm4fgvqa",
                            "image": "ocid1.image.oc1.iad.aaaaaaaadpfa7w23th7ewtobcmc7xx3j4lx3btdcq7bfaqxqd4c47wdlj6zq",
                            "launch_mode": "NATIVE",
                            "launch_options.#": "1",
                            "launch_options.0.boot_volume_type": "ISCSI",
                            "launch_options.0.firmware": "UEFI_64",
                            "launch_options.0.network_type": "VFIO",
                            "launch_options.0.remote_data_volume_type": "ISCSI",
                            "metadata.%": "1",
                            "metadata.ssh_authorized_keys": "ssh-rsa AAAAB3NzaC1yc2EAAAADAQABAAABAQDUfaU4jjlaRFa3GqKtj7j3dmG6eH0Om8GQtAXLl8+83RuyIZTxhfmQTFtUtbCreeMm2NbAPA85izzPWuNq4eSwZh2uW/9GBC+bV6Yms+fiLQEt551KIbaVja8Jnp4xrtA3RMMSgiADHsRr4y+5WjXI6yYprtVodAskArTx60FCcXjeNoRqSYeJAbYyUqVeYpj3qoMZNnWodVq55qkeWJmbspPmSKPps+m8wlsCzeZWQrhFps/y+dIz17sYFsbQjiBQmIKsy6CQjHZ9Im1UkvICwevp0UCW147L8FXsB2NKHeDa7kJZHydgg+wknj8NK8wX3FyGMbFml6BrZHAl1T1f jnguyent@Johns-MacBook-Pro-2.local\n",
                            "private_ip": "10.0.1.2",
                            "public_ip": "129.213.158.14",
                            "region": "iad",
                            "shape": "VM.Standard2.1",
                            "source_details.#": "1",
                            "source_details.0.boot_volume_size_in_gbs": "60",
                            "source_details.0.source_id": "ocid1.image.oc1.iad.aaaaaaaadpfa7w23th7ewtobcmc7xx3j4lx3btdcq7bfaqxqd4c47wdlj6zq",
                            "source_details.0.source_type": "image",
                            "state": "RUNNING",
                            "subnet_id": "ocid1.subnet.oc1.iad.aaaaaaaa57keluubqlgnzgpbpxw2dibhl4vm66uzimnnlfvmas3vuo6kwgea",
                            "time_created": "2018-09-21 19:04:25.49 +0000 UTC"
                        },
                        "meta": {
                            "e2bfb730-ecaa-11e6-8f88-34363bc7c4c0": {
                                "create": 1800000000000,
                                "delete": 7200000000000,
                                "update": 7200000000000
                            }
                        },
                        "tainted": false
                    },
                    "deposed": [],
                    "provider": "provider.oci"
                },
                "oci_core_internet_gateway.CustIG": {
                    "type": "oci_core_internet_gateway",
                    "depends_on": [
                        "oci_core_virtual_network.vcn"
                    ],
                    "primary": {
                        "id": "ocid1.internetgateway.oc1.iad.aaaaaaaajj2s235nno6qku7zpsporvs6qabhlajifkviwkr4clcmraas6nqa",
                        "attributes": {
                            "compartment_id": "ocid1.compartment.oc1..aaaaaaaa5o54qqsbe3uoisugxhjjti4ptpkrep2pmtp7vegpjycx7etjd2wq",
                            "defined_tags.%": "0",
                            "display_name": "tf-demo01-internet-gateway",
                            "enabled": "true",
                            "freeform_tags.%": "0",
                            "id": "ocid1.internetgateway.oc1.iad.aaaaaaaajj2s235nno6qku7zpsporvs6qabhlajifkviwkr4clcmraas6nqa",
                            "state": "AVAILABLE",
                            "time_created": "2018-09-21 18:45:57.424 +0000 UTC",
                            "vcn_id": "ocid1.vcn.oc1.iad.aaaaaaaakdeteop3pcchmwf6pwj7bu62fccinh2vl73r2e4o2h5ckixdfyaq"
                        },
                        "meta": {
                            "e2bfb730-ecaa-11e6-8f88-34363bc7c4c0": {
                                "create": 900000000000,
                                "delete": 900000000000,
                                "update": 900000000000
                            }
                        },
                        "tainted": false
                    },
                    "deposed": [],
                    "provider": "provider.oci"
                },
                "oci_core_route_table.RouteTable": {
                    "type": "oci_core_route_table",
                    "depends_on": [
                        "oci_core_internet_gateway.CustIG",
                        "oci_core_virtual_network.vcn"
                    ],
                    "primary": {
                        "id": "ocid1.routetable.oc1.iad.aaaaaaaabwfcw54umvhjpxsqthhrsisadd6cpevbdq7xcmqnxcnzvds3pvlq",
                        "attributes": {
                            "compartment_id": "ocid1.compartment.oc1..aaaaaaaa5o54qqsbe3uoisugxhjjti4ptpkrep2pmtp7vegpjycx7etjd2wq",
                            "defined_tags.%": "0",
                            "display_name": "RouteTable",
                            "freeform_tags.%": "0",
                            "id": "ocid1.routetable.oc1.iad.aaaaaaaabwfcw54umvhjpxsqthhrsisadd6cpevbdq7xcmqnxcnzvds3pvlq",
                            "route_rules.#": "1",
                            "route_rules.908580962.cidr_block": "0.0.0.0/0",
                            "route_rules.908580962.destination": "0.0.0.0/0",
                            "route_rules.908580962.destination_type": "CIDR_BLOCK",
                            "route_rules.908580962.network_entity_id": "ocid1.internetgateway.oc1.iad.aaaaaaaajj2s235nno6qku7zpsporvs6qabhlajifkviwkr4clcmraas6nqa",
                            "state": "AVAILABLE",
                            "time_created": "2018-09-21 18:45:57.737 +0000 UTC",
                            "vcn_id": "ocid1.vcn.oc1.iad.aaaaaaaakdeteop3pcchmwf6pwj7bu62fccinh2vl73r2e4o2h5ckixdfyaq"
                        },
                        "meta": {
                            "e2bfb730-ecaa-11e6-8f88-34363bc7c4c0": {
                                "create": 900000000000,
                                "delete": 900000000000,
                                "update": 900000000000
                            }
                        },
                        "tainted": false
                    },
                    "deposed": [],
                    "provider": "provider.oci"
                },
                "oci_core_security_list.Public-subnet1": {
                    "type": "oci_core_security_list",
                    "depends_on": [
                        "oci_core_virtual_network.vcn"
                    ],
                    "primary": {
                        "id": "ocid1.securitylist.oc1.iad.aaaaaaaa4py6nwdqjl6sehz276furi52h5mhu6p4l44fnf52kqfsxi543dlq",
                        "attributes": {
                            "compartment_id": "ocid1.compartment.oc1..aaaaaaaa5o54qqsbe3uoisugxhjjti4ptpkrep2pmtp7vegpjycx7etjd2wq",
                            "defined_tags.%": "0",
                            "display_name": "Public-subnet1",
                            "egress_security_rules.#": "1",
                            "egress_security_rules.1582479153.destination": "0.0.0.0/0",
                            "egress_security_rules.1582479153.destination_type": "CIDR_BLOCK",
                            "egress_security_rules.1582479153.icmp_options.#": "0",
                            "egress_security_rules.1582479153.protocol": "all",
                            "egress_security_rules.1582479153.stateless": "false",
                            "egress_security_rules.1582479153.tcp_options.#": "0",
                            "egress_security_rules.1582479153.udp_options.#": "0",
                            "freeform_tags.%": "0",
                            "id": "ocid1.securitylist.oc1.iad.aaaaaaaa4py6nwdqjl6sehz276furi52h5mhu6p4l44fnf52kqfsxi543dlq",
                            "ingress_security_rules.#": "3",
                            "ingress_security_rules.3057867092.icmp_options.#": "0",
                            "ingress_security_rules.3057867092.protocol": "6",
                            "ingress_security_rules.3057867092.source": "10.0.0.0/16",
                            "ingress_security_rules.3057867092.source_type": "CIDR_BLOCK",
                            "ingress_security_rules.3057867092.stateless": "false",
                            "ingress_security_rules.3057867092.tcp_options.#": "0",
                            "ingress_security_rules.3057867092.udp_options.#": "0",
                            "ingress_security_rules.3861548008.icmp_options.#": "0",
                            "ingress_security_rules.3861548008.protocol": "6",
                            "ingress_security_rules.3861548008.source": "0.0.0.0/0",
                            "ingress_security_rules.3861548008.source_type": "CIDR_BLOCK",
                            "ingress_security_rules.3861548008.stateless": "false",
                            "ingress_security_rules.3861548008.tcp_options.#": "1",
                            "ingress_security_rules.3861548008.tcp_options.0.max": "80",
                            "ingress_security_rules.3861548008.tcp_options.0.min": "80",
                            "ingress_security_rules.3861548008.tcp_options.0.source_port_range.#": "0",
                            "ingress_security_rules.3861548008.udp_options.#": "0",
                            "ingress_security_rules.47193274.icmp_options.#": "0",
                            "ingress_security_rules.47193274.protocol": "6",
                            "ingress_security_rules.47193274.source": "0.0.0.0/0",
                            "ingress_security_rules.47193274.source_type": "CIDR_BLOCK",
                            "ingress_security_rules.47193274.stateless": "false",
                            "ingress_security_rules.47193274.tcp_options.#": "1",
                            "ingress_security_rules.47193274.tcp_options.0.max": "22",
                            "ingress_security_rules.47193274.tcp_options.0.min": "22",
                            "ingress_security_rules.47193274.tcp_options.0.source_port_range.#": "0",
                            "ingress_security_rules.47193274.udp_options.#": "0",
                            "state": "AVAILABLE",
                            "time_created": "2018-09-21 18:45:57.416 +0000 UTC",
                            "vcn_id": "ocid1.vcn.oc1.iad.aaaaaaaakdeteop3pcchmwf6pwj7bu62fccinh2vl73r2e4o2h5ckixdfyaq"
                        },
                        "meta": {
                            "e2bfb730-ecaa-11e6-8f88-34363bc7c4c0": {
                                "create": 900000000000,
                                "delete": 900000000000,
                                "update": 900000000000
                            }
                        },
                        "tainted": false
                    },
                    "deposed": [],
                    "provider": "provider.oci"
                },
                "oci_core_subnet.public-subnet": {
                    "type": "oci_core_subnet",
                    "depends_on": [
                        "data.oci_identity_availability_domains.ADs",
                        "oci_core_route_table.RouteTable",
                        "oci_core_security_list.Public-subnet1",
                        "oci_core_virtual_network.vcn"
                    ],
                    "primary": {
                        "id": "ocid1.subnet.oc1.iad.aaaaaaaa57keluubqlgnzgpbpxw2dibhl4vm66uzimnnlfvmas3vuo6kwgea",
                        "attributes": {
                            "availability_domain": "zRxM:US-ASHBURN-AD-1",
                            "cidr_block": "10.0.1.0/24",
                            "compartment_id": "ocid1.compartment.oc1..aaaaaaaa5o54qqsbe3uoisugxhjjti4ptpkrep2pmtp7vegpjycx7etjd2wq",
                            "defined_tags.%": "0",
                            "dhcp_options_id": "ocid1.dhcpoptions.oc1.iad.aaaaaaaa23msbummesq2kl3wvugme3hx2ymenlpw4hzkoyhyif7xsj3pv6aq",
                            "display_name": "public-subnet",
                            "dns_label": "subnet1",
                            "freeform_tags.%": "0",
                            "id": "ocid1.subnet.oc1.iad.aaaaaaaa57keluubqlgnzgpbpxw2dibhl4vm66uzimnnlfvmas3vuo6kwgea",
                            "prohibit_public_ip_on_vnic": "false",
                            "route_table_id": "ocid1.routetable.oc1.iad.aaaaaaaabwfcw54umvhjpxsqthhrsisadd6cpevbdq7xcmqnxcnzvds3pvlq",
                            "security_list_ids.#": "1",
                            "security_list_ids.2085761584": "ocid1.securitylist.oc1.iad.aaaaaaaa4py6nwdqjl6sehz276furi52h5mhu6p4l44fnf52kqfsxi543dlq",
                            "state": "AVAILABLE",
                            "subnet_domain_name": "subnet1.dnsvcn.oraclevcn.com",
                            "time_created": "2018-09-21 18:45:58.701 +0000 UTC",
                            "vcn_id": "ocid1.vcn.oc1.iad.aaaaaaaakdeteop3pcchmwf6pwj7bu62fccinh2vl73r2e4o2h5ckixdfyaq",
                            "virtual_router_ip": "10.0.1.1",
                            "virtual_router_mac": "00:00:17:E9:77:69"
                        },
                        "meta": {
                            "e2bfb730-ecaa-11e6-8f88-34363bc7c4c0": {
                                "create": 900000000000,
                                "delete": 900000000000,
                                "update": 900000000000
                            }
                        },
                        "tainted": false
                    },
                    "deposed": [],
                    "provider": "provider.oci"
                },
                "oci_core_virtual_network.vcn": {
                    "type": "oci_core_virtual_network",
                    "depends_on": [],
                    "primary": {
                        "id": "ocid1.vcn.oc1.iad.aaaaaaaakdeteop3pcchmwf6pwj7bu62fccinh2vl73r2e4o2h5ckixdfyaq",
                        "attributes": {
                            "cidr_block": "10.0.0.0/16",
                            "compartment_id": "ocid1.compartment.oc1..aaaaaaaa5o54qqsbe3uoisugxhjjti4ptpkrep2pmtp7vegpjycx7etjd2wq",
                            "default_dhcp_options_id": "ocid1.dhcpoptions.oc1.iad.aaaaaaaa23msbummesq2kl3wvugme3hx2ymenlpw4hzkoyhyif7xsj3pv6aq",
                            "default_route_table_id": "ocid1.routetable.oc1.iad.aaaaaaaaetcb4cpit3mo23ayxgkefzrzt7otcrr7xpe3aix4cgucxtoun3ta",
                            "default_security_list_id": "ocid1.securitylist.oc1.iad.aaaaaaaacl2jarv6usrwcke7cuxldndkawbknzgwhrnnaesngxo3fwopw5ha",
                            "defined_tags.%": "0",
                            "display_name": "vcn",
                            "dns_label": "dnsvcn",
                            "freeform_tags.%": "0",
                            "id": "ocid1.vcn.oc1.iad.aaaaaaaakdeteop3pcchmwf6pwj7bu62fccinh2vl73r2e4o2h5ckixdfyaq",
                            "state": "AVAILABLE",
                            "time_created": "2018-09-21 18:45:55.704 +0000 UTC",
                            "vcn_domain_name": "dnsvcn.oraclevcn.com"
                        },
                        "meta": {
                            "e2bfb730-ecaa-11e6-8f88-34363bc7c4c0": {
                                "create": 900000000000,
                                "delete": 900000000000,
                                "update": 900000000000
                            }
                        },
                        "tainted": false
                    },
                    "deposed": [],
                    "provider": "provider.oci"
                },
                "oci_objectstorage_bucket.bucket1": {
                    "type": "oci_objectstorage_bucket",
                    "depends_on": [],
                    "primary": {
                        "id": "gse00014917/tf-example-bucket",
                        "attributes": {
                            "access_type": "NoPublicAccess",
                            "compartment_id": "ocid1.compartment.oc1..aaaaaaaa5o54qqsbe3uoisugxhjjti4ptpkrep2pmtp7vegpjycx7etjd2wq",
                            "created_by": "ocid1.user.oc1..aaaaaaaahe2pn2w24rrwolclwn5gqej3nb5eg5hcnahr2tsq5dn5wlbj5t5a",
                            "defined_tags.%": "0",
                            "etag": "9b3f12c2-377d-4dd1-961b-df05c5563fc3",
                            "freeform_tags.%": "0",
                            "id": "gse00014917/tf-example-bucket",
                            "metadata.%": "0",
                            "name": "tf-example-bucket",
                            "namespace": "gse00014917",
                            "storage_tier": "Standard",
                            "time_created": "2018-09-21 18:45:55.649 +0000 UTC"
                        },
                        "meta": {
                            "e2bfb730-ecaa-11e6-8f88-34363bc7c4c0": {
                                "create": 900000000000,
                                "delete": 900000000000,
                                "update": 900000000000
                            }
                        },
                        "tainted": false
                    },
                    "deposed": [],
                    "provider": "provider.oci"
                },
                "oci_objectstorage_object.test_object": {
                    "type": "oci_objectstorage_object",
                    "depends_on": [
                        "oci_objectstorage_bucket.bucket1"
                    ],
                    "primary": {
                        "id": "tfobm-object-gse00014917/tf-example-bucket/LocalImage",
                        "attributes": {
                            "bucket": "tf-example-bucket",
                            "content_length": "2304442368",
                            "content_md5": "087aE6xvAS7RLmFGKKEzYg==-18",
                            "content_type": "application/octet-stream",
                            "id": "tfobm-object-gse00014917/tf-example-bucket/LocalImage",
                            "metadata.%": "0",
                            "namespace": "gse00014917",
                            "object": "LocalImage",
                            "source": "/Users/jnguyent/Downloads/CustomImage 2018-09-19 14:13:41.795177831 -0400 EDT"
                        },
                        "meta": {
                            "e2bfb730-ecaa-11e6-8f88-34363bc7c4c0": {
                                "create": 900000000000,
                                "delete": 900000000000,
                                "update": 900000000000
                            }
                        },
                        "tainted": false
                    },
                    "deposed": [],
                    "provider": "provider.oci"
                }
            },
            "depends_on": []
        }
    ]
}
